
Microsoft Visual Studio Solution File, Format Version 12.00
# Visual Studio Version 16
VisualStudioVersion = 16.0.31605.320
MinimumVisualStudioVersion = 10.0.40219.1
Project("{FAE04EC0-301F-11D3-BF4B-00C04F79EFBC}") = "TodoApp", "TodoApp\TodoApp.csproj", "{02E94739-C141-4336-A5DF-911BEBC40854}"
EndProject
Project("{2150E333-8FDC-42A3-9474-1A3956D46DE8}") = "0 - Aplicação", "0 - Aplicação", "{616BB1A4-A52D-4CB4-84A5-62051A87E969}"
EndProject
Project("{2150E333-8FDC-42A3-9474-1A3956D46DE8}") = "1 - Service", "1 - Service", "{71754658-BEF7-4389-8B81-CB2E080B10A7}"
EndProject
Project("{2150E333-8FDC-42A3-9474-1A3956D46DE8}") = "2 - Dominio", "2 - Dominio", "{F8F05050-D511-4DE4-B292-5E1E3BB4768C}"
EndProject
Project("{2150E333-8FDC-42A3-9474-1A3956D46DE8}") = "3 - Infra", "3 - Infra", "{AF249203-40BE-4D62-A939-BED254F0EE5E}"
EndProject
Project("{FAE04EC0-301F-11D3-BF4B-00C04F79EFBC}") = "Service", "Service\Service.csproj", "{A5E925BA-3D71-4981-9055-BD408A02B191}"
EndProject
Project("{FAE04EC0-301F-11D3-BF4B-00C04F79EFBC}") = "Dominio", "Dominio\Dominio.csproj", "{A623F3C9-A57D-438A-BBB5-A6F387ED428F}"
EndProject
Project("{2150E333-8FDC-42A3-9474-1A3956D46DE8}") = "3.1 - Data", "3.1 - Data", "{C46B5B55-4ED3-43C2-ADBC-1FDB650BE572}"
EndProject
Project("{2150E333-8FDC-42A3-9474-1A3956D46DE8}") = "3.2 - CrossCuting", "3.2 - CrossCuting", "{D12BE7C9-BE35-4723-A7DE-6A614FEE1D84}"
EndProject
Project("{FAE04EC0-301F-11D3-BF4B-00C04F79EFBC}") = "Infra.Data", "Infra.Data\Infra.Data.csproj", "{A9FB9F0C-1D0C-4A1E-BAF6-4658ECA8EF89}"
EndProject
Project("{FAE04EC0-301F-11D3-BF4B-00C04F79EFBC}") = "Infra.CrossCuting", "Infra.CrossCuting\Infra.CrossCuting.csproj", "{19231D19-4D0B-4C29-83FD-BBF299F22793}"
EndProject
Global
	GlobalSection(SolutionConfigurationPlatforms) = preSolution
		Debug|Any CPU = Debug|Any CPU
		Release|Any CPU = Release|Any CPU
	EndGlobalSection
	GlobalSection(ProjectConfigurationPlatforms) = postSolution
		{02E94739-C141-4336-A5DF-911BEBC40854}.Debug|Any CPU.ActiveCfg = Debug|Any CPU
		{02E94739-C141-4336-A5DF-911BEBC40854}.Debug|Any CPU.Build.0 = Debug|Any CPU
		{02E94739-C141-4336-A5DF-911BEBC40854}.Release|Any CPU.ActiveCfg = Release|Any CPU
		{02E94739-C141-4336-A5DF-911BEBC40854}.Release|Any CPU.Build.0 = Release|Any CPU
		{A5E925BA-3D71-4981-9055-BD408A02B191}.Debug|Any CPU.ActiveCfg = Debug|Any CPU
		{A5E925BA-3D71-4981-9055-BD408A02B191}.Debug|Any CPU.Build.0 = Debug|Any CPU
		{A5E925BA-3D71-4981-9055-BD408A02B191}.Release|Any CPU.ActiveCfg = Release|Any CPU
		{A5E925BA-3D71-4981-9055-BD408A02B191}.Release|Any CPU.Build.0 = Release|Any CPU
		{A623F3C9-A57D-438A-BBB5-A6F387ED428F}.Debug|Any CPU.ActiveCfg = Debug|Any CPU
		{A623F3C9-A57D-438A-BBB5-A6F387ED428F}.Debug|Any CPU.Build.0 = Debug|Any CPU
		{A623F3C9-A57D-438A-BBB5-A6F387ED428F}.Release|Any CPU.ActiveCfg = Release|Any CPU
		{A623F3C9-A57D-438A-BBB5-A6F387ED428F}.Release|Any CPU.Build.0 = Release|Any CPU
		{A9FB9F0C-1D0C-4A1E-BAF6-4658ECA8EF89}.Debug|Any CPU.ActiveCfg = Debug|Any CPU
		{A9FB9F0C-1D0C-4A1E-BAF6-4658ECA8EF89}.Debug|Any CPU.Build.0 = Debug|Any CPU
		{A9FB9F0C-1D0C-4A1E-BAF6-4658ECA8EF89}.Release|Any CPU.ActiveCfg = Release|Any CPU
		{A9FB9F0C-1D0C-4A1E-BAF6-4658ECA8EF89}.Release|Any CPU.Build.0 = Release|Any CPU
		{19231D19-4D0B-4C29-83FD-BBF299F22793}.Debug|Any CPU.ActiveCfg = Debug|Any CPU
		{19231D19-4D0B-4C29-83FD-BBF299F22793}.Debug|Any CPU.Build.0 = Debug|Any CPU
		{19231D19-4D0B-4C29-83FD-BBF299F22793}.Release|Any CPU.ActiveCfg = Release|Any CPU
		{19231D19-4D0B-4C29-83FD-BBF299F22793}.Release|Any CPU.Build.0 = Release|Any CPU
	EndGlobalSection
	GlobalSection(SolutionProperties) = preSolution
		HideSolutionNode = FALSE
	EndGlobalSection
	GlobalSection(NestedProjects) = preSolution
		{02E94739-C141-4336-A5DF-911BEBC40854} = {616BB1A4-A52D-4CB4-84A5-62051A87E969}
		{A5E925BA-3D71-4981-9055-BD408A02B191} = {71754658-BEF7-4389-8B81-CB2E080B10A7}
		{A623F3C9-A57D-438A-BBB5-A6F387ED428F} = {F8F05050-D511-4DE4-B292-5E1E3BB4768C}
		{C46B5B55-4ED3-43C2-ADBC-1FDB650BE572} = {AF249203-40BE-4D62-A939-BED254F0EE5E}
		{D12BE7C9-BE35-4723-A7DE-6A614FEE1D84} = {AF249203-40BE-4D62-A939-BED254F0EE5E}
		{A9FB9F0C-1D0C-4A1E-BAF6-4658ECA8EF89} = {C46B5B55-4ED3-43C2-ADBC-1FDB650BE572}
		{19231D19-4D0B-4C29-83FD-BBF299F22793} = {D12BE7C9-BE35-4723-A7DE-6A614FEE1D84}
	EndGlobalSection
	GlobalSection(ExtensibilityGlobals) = postSolution
		SolutionGuid = {391BA215-0FDB-4D67-99BC-0ABEEA1E3715}
	EndGlobalSection
EndGlobal
